github.com/coder/acp-go-sdk v0.13.0 h1:IAKBDIbe/iBfKAGikeIndzb8fowt4ioD+gCtSU4HwMA=
github.com/coder/acp-go-sdk v0.13.0/go.mod h1:yKzM/3R9uELp4+nBAwwtkS0aN1FOFjo11CNPy37yFko=
github.com/gorilla/websocket v1.5.3 h1:saDtZ6Pbx/0u+bgYQ3q96pZgCzfhKXGPqt7kZ72aNNg=
github.com/gorilla/websocket v1.5.3/go.mod h1:YR8l580nyteQvAITg2hZ9XVh4b55+EU/adAjf1fMHhE=
